
Microsoft Visual Studio Solution File, Format Version 12.00
# Visual Studio Version 16
VisualStudioVersion = 16.0.30320.27
MinimumVisualStudioVersion = 10.0.40219.1
Project("{9A19103F-16F7-4668-BE54-9A1E7A4F7556}") = "PL", "PL\PL.csproj", "{A5975ACD-262B-451E-A62E-4836FB565448}"
EndProject
Project("{9A19103F-16F7-4668-BE54-9A1E7A4F7556}") = "DL", "DL\DL.csproj", "{6B3DE170-31BE-4542-B221-AB972DA11A34}"
EndProject
Project("{9A19103F-16F7-4668-BE54-9A1E7A4F7556}") = "BL", "BL\BL.csproj", "{CFC2CB58-8361-4984-8A53-5DB0FE0253A0}"
EndProject
Project("{FAE04EC0-301F-11D3-BF4B-00C04F79EFBC}") = "ConsoleApp3", "ConsoleApp3\ConsoleApp3.csproj", "{ADC45832-7581-46BC-82DF-8E443AF295CB}"
EndProject
Global
	GlobalSection(SolutionConfigurationPlatforms) = preSolution
		Debug|Any CPU = Debug|Any CPU
		Release|Any CPU = Release|Any CPU
	EndGlobalSection
	GlobalSection(ProjectConfigurationPlatforms) = postSolution
		{A5975ACD-262B-451E-A62E-4836FB565448}.Debug|Any CPU.ActiveCfg = Debug|Any CPU
		{A5975ACD-262B-451E-A62E-4836FB565448}.Debug|Any CPU.Build.0 = Debug|Any CPU
		{A5975ACD-262B-451E-A62E-4836FB565448}.Release|Any CPU.ActiveCfg = Release|Any CPU
		{A5975ACD-262B-451E-A62E-4836FB565448}.Release|Any CPU.Build.0 = Release|Any CPU
		{6B3DE170-31BE-4542-B221-AB972DA11A34}.Debug|Any CPU.ActiveCfg = Debug|Any CPU
		{6B3DE170-31BE-4542-B221-AB972DA11A34}.Debug|Any CPU.Build.0 = Debug|Any CPU
		{6B3DE170-31BE-4542-B221-AB972DA11A34}.Release|Any CPU.ActiveCfg = Release|Any CPU
		{6B3DE170-31BE-4542-B221-AB972DA11A34}.Release|Any CPU.Build.0 = Release|Any CPU
		{CFC2CB58-8361-4984-8A53-5DB0FE0253A0}.Debug|Any CPU.ActiveCfg = Debug|Any CPU
		{CFC2CB58-8361-4984-8A53-5DB0FE0253A0}.Debug|Any CPU.Build.0 = Debug|Any CPU
		{CFC2CB58-8361-4984-8A53-5DB0FE0253A0}.Release|Any CPU.ActiveCfg = Release|Any CPU
		{CFC2CB58-8361-4984-8A53-5DB0FE0253A0}.Release|Any CPU.Build.0 = Release|Any CPU
		{ADC45832-7581-46BC-82DF-8E443AF295CB}.Debug|Any CPU.ActiveCfg = Debug|Any CPU
		{ADC45832-7581-46BC-82DF-8E443AF295CB}.Debug|Any CPU.Build.0 = Debug|Any CPU
		{ADC45832-7581-46BC-82DF-8E443AF295CB}.Release|Any CPU.ActiveCfg = Release|Any CPU
		{ADC45832-7581-46BC-82DF-8E443AF295CB}.Release|Any CPU.Build.0 = Release|Any CPU
	EndGlobalSection
	GlobalSection(SolutionProperties) = preSolution
		HideSolutionNode = FALSE
	EndGlobalSection
	GlobalSection(ExtensibilityGlobals) = postSolution
		SolutionGuid = {5085B62A-875D-4575-A152-F50E235CB5C9}
	EndGlobalSection
EndGlobal
